
Microsoft Visual Studio Solution File, Format Version 12.00
# Visual Studio Version 17
VisualStudioVersion = 17.11.35327.3
MinimumVisualStudioVersion = 10.0.40219.1
Project("{FAE04EC0-301F-11D3-BF4B-00C04F79EFBC}") = "first", "first\first.csproj", "{71D53753-A381-4F56-BB34-626771B66D82}"
EndProject
Global
	GlobalSection(SolutionConfigurationPlatforms) = preSolution
		Debug|Any CPU = Debug|Any CPU
		Release|Any CPU = Release|Any CPU
	EndGlobalSection
	GlobalSection(ProjectConfigurationPlatforms) = postSolution
		{71D53753-A381-4F56-BB34-626771B66D82}.Debug|Any CPU.ActiveCfg = Debug|Any CPU
		{71D53753-A381-4F56-BB34-626771B66D82}.Debug|Any CPU.Build.0 = Debug|Any CPU
		{71D53753-A381-4F56-BB34-626771B66D82}.Release|Any CPU.ActiveCfg = Release|Any CPU
		{71D53753-A381-4F56-BB34-626771B66D82}.Release|Any CPU.Build.0 = Release|Any CPU
	EndGlobalSection
	GlobalSection(SolutionProperties) = preSolution
		HideSolutionNode = FALSE
	EndGlobalSection
	GlobalSection(ExtensibilityGlobals) = postSolution
		SolutionGuid = {9703E9A2-9753-4EEF-85B0-38FB3040599B}
	EndGlobalSection
EndGlobal
