
Microsoft Visual Studio Solution File, Format Version 12.00
# Visual Studio Version 17
VisualStudioVersion = 17.11.35327.3
MinimumVisualStudioVersion = 10.0.40219.1
Project("{FAE04EC0-301F-11D3-BF4B-00C04F79EFBC}") = "first", "first\first.csproj", "{8D1EB39F-5AAB-498A-9FFE-4726A05E1CCB}"
EndProject
Global
	GlobalSection(SolutionConfigurationPlatforms) = preSolution
		Debug|Any CPU = Debug|Any CPU
		Release|Any CPU = Release|Any CPU
	EndGlobalSection
	GlobalSection(ProjectConfigurationPlatforms) = postSolution
		{8D1EB39F-5AAB-498A-9FFE-4726A05E1CCB}.Debug|Any CPU.ActiveCfg = Debug|Any CPU
		{8D1EB39F-5AAB-498A-9FFE-4726A05E1CCB}.Debug|Any CPU.Build.0 = Debug|Any CPU
		{8D1EB39F-5AAB-498A-9FFE-4726A05E1CCB}.Release|Any CPU.ActiveCfg = Release|Any CPU
		{8D1EB39F-5AAB-498A-9FFE-4726A05E1CCB}.Release|Any CPU.Build.0 = Release|Any CPU
	EndGlobalSection
	GlobalSection(SolutionProperties) = preSolution
		HideSolutionNode = FALSE
	EndGlobalSection
	GlobalSection(ExtensibilityGlobals) = postSolution
		SolutionGuid = {488C42B6-F799-4438-BD59-766395ABBEF7}
	EndGlobalSection
EndGlobal
